
Microsoft Visual Studio Solution File, Format Version 12.00
# Visual Studio 14
VisualStudioVersion = 14.0.25420.1
MinimumVisualStudioVersion = 10.0.40219.1
Project("{2150E333-8FDC-42A3-9474-1A3956D46DE8}") = "Demo", "Demo", "{B3CDC855-DA25-4663-8B59-84CE6A904B5B}"
EndProject
Project("{FAE04EC0-301F-11D3-BF4B-00C04F79EFBC}") = "ZSharp.Framework.Core", "Framework\ZSharp.Framework.Core\ZSharp.Framework.Core.csproj", "{635E7DD9-320D-4C2F-9F37-4E8835A1CE17}"
EndProject
Project("{FAE04EC0-301F-11D3-BF4B-00C04F79EFBC}") = "ZSharp.Framework.Web", "Framework\ZSharp.Framework.Web\ZSharp.Framework.Web.csproj", "{7CA5D504-A201-45B2-B14F-98701E899C7B}"
EndProject
Project("{FAE04EC0-301F-11D3-BF4B-00C04F79EFBC}") = "ZSharp.Framework.Web.Mvc", "Framework\ZSharp.Framework.Web.Mvc\ZSharp.Framework.Web.Mvc.csproj", "{30015970-E615-446E-A885-D230D39C6112}"
EndProject
Project("{FAE04EC0-301F-11D3-BF4B-00C04F79EFBC}") = "ZSharp.Framework.Infrastructure", "Framework\ZSharp.Framework.Infrastructure\ZSharp.Framework.Infrastructure.csproj", "{44B2CABE-848E-4D96-8849-187CADD31882}"
EndProject
Project("{FAE04EC0-301F-11D3-BF4B-00C04F79EFBC}") = "ZSharp.Demo.WebApi", "Demo\ZSharp.Demo.WebApi\ZSharp.Demo.WebApi.csproj", "{9B0567C7-6549-4D46-BF0D-5DD5A7358D62}"
EndProject
Project("{FAE04EC0-301F-11D3-BF4B-00C04F79EFBC}") = "ZSharp.Demo.IServices", "Demo\ZSharp.Demo.IServices\ZSharp.Demo.IServices.csproj", "{3D15ECF0-A4D8-4470-81A2-A075EFABF374}"
EndProject
Project("{FAE04EC0-301F-11D3-BF4B-00C04F79EFBC}") = "ZSharp.Demo.Services", "Demo\ZSharp.Demo.Services\ZSharp.Demo.Services.csproj", "{5E4F2E39-BA06-4A22-96E7-9B9AABA86BBC}"
EndProject
Project("{FAE04EC0-301F-11D3-BF4B-00C04F79EFBC}") = "ZSharp.Demo.Domain", "Demo\ZSharp.Demo.Domain\ZSharp.Demo.Domain.csproj", "{27ACE044-A30D-41FC-8283-7FCAC38960B4}"
EndProject
Project("{FAE04EC0-301F-11D3-BF4B-00C04F79EFBC}") = "ZSharp.Demo.IRepositories", "Demo\ZSharp.Demo.IRepositories\ZSharp.Demo.IRepositories.csproj", "{9403EF40-B963-4E1E-A82A-9530CAEC5FF5}"
EndProject
Project("{FAE04EC0-301F-11D3-BF4B-00C04F79EFBC}") = "ZSharp.Demo.Repositories", "Demo\ZSharp.Demo.Repositories\ZSharp.Demo.Repositories.csproj", "{268C1CDC-822F-4363-A88E-D378037FF0AF}"
EndProject
Project("{FAE04EC0-301F-11D3-BF4B-00C04F79EFBC}") = "ZSharp.Demo.DataObjects", "Demo\ZSharp.Demo.DataObjects\ZSharp.Demo.DataObjects.csproj", "{57DFA748-6927-4BD4-ABE3-32CF39DD762C}"
EndProject
Project("{FAE04EC0-301F-11D3-BF4B-00C04F79EFBC}") = "ZSharp.Demo.Entities", "Demo\ZSharp.Demo.Entities\ZSharp.Demo.Entities.csproj", "{B539137C-9F9D-4E54-9106-2D4D3644FB0A}"
EndProject
Project("{FAE04EC0-301F-11D3-BF4B-00C04F79EFBC}") = "ZSharp.Demo.EfData", "Demo\ZSharp.Demo.EfData\ZSharp.Demo.EfData.csproj", "{30655709-2BA2-4B57-8F70-8425AF006463}"
EndProject
Project("{2150E333-8FDC-42A3-9474-1A3956D46DE8}") = "Application", "Application", "{FBFDB049-842F-48BB-8CC7-B2683FD7AB29}"
EndProject
Project("{2150E333-8FDC-42A3-9474-1A3956D46DE8}") = "Infrastructure", "Infrastructure", "{E96AE300-777C-498D-BF68-9E2DB8D33650}"
EndProject
Project("{FAE04EC0-301F-11D3-BF4B-00C04F79EFBC}") = "ZSharp.Framework.Web.Api", "Framework\ZSharp.Framework.Web.Api\ZSharp.Framework.Web.Api.csproj", "{AA0C1964-B71D-4985-A3B2-19E9849BD56E}"
EndProject
Global
	GlobalSection(SolutionConfigurationPlatforms) = preSolution
		Debug|Any CPU = Debug|Any CPU
		Release|Any CPU = Release|Any CPU
	EndGlobalSection
	GlobalSection(ProjectConfigurationPlatforms) = postSolution
		{635E7DD9-320D-4C2F-9F37-4E8835A1CE17}.Debug|Any CPU.ActiveCfg = Debug|Any CPU
		{635E7DD9-320D-4C2F-9F37-4E8835A1CE17}.Debug|Any CPU.Build.0 = Debug|Any CPU
		{635E7DD9-320D-4C2F-9F37-4E8835A1CE17}.Release|Any CPU.ActiveCfg = Release|Any CPU
		{635E7DD9-320D-4C2F-9F37-4E8835A1CE17}.Release|Any CPU.Build.0 = Release|Any CPU
		{7CA5D504-A201-45B2-B14F-98701E899C7B}.Debug|Any CPU.ActiveCfg = Debug|Any CPU
		{7CA5D504-A201-45B2-B14F-98701E899C7B}.Debug|Any CPU.Build.0 = Debug|Any CPU
		{7CA5D504-A201-45B2-B14F-98701E899C7B}.Release|Any CPU.ActiveCfg = Release|Any CPU
		{7CA5D504-A201-45B2-B14F-98701E899C7B}.Release|Any CPU.Build.0 = Release|Any CPU
		{30015970-E615-446E-A885-D230D39C6112}.Debug|Any CPU.ActiveCfg = Debug|Any CPU
		{30015970-E615-446E-A885-D230D39C6112}.Debug|Any CPU.Build.0 = Debug|Any CPU
		{30015970-E615-446E-A885-D230D39C6112}.Release|Any CPU.ActiveCfg = Release|Any CPU
		{30015970-E615-446E-A885-D230D39C6112}.Release|Any CPU.Build.0 = Release|Any CPU
		{44B2CABE-848E-4D96-8849-187CADD31882}.Debug|Any CPU.ActiveCfg = Debug|Any CPU
		{44B2CABE-848E-4D96-8849-187CADD31882}.Debug|Any CPU.Build.0 = Debug|Any CPU
		{44B2CABE-848E-4D96-8849-187CADD31882}.Release|Any CPU.ActiveCfg = Release|Any CPU
		{44B2CABE-848E-4D96-8849-187CADD31882}.Release|Any CPU.Build.0 = Release|Any CPU
		{9B0567C7-6549-4D46-BF0D-5DD5A7358D62}.Debug|Any CPU.ActiveCfg = Debug|Any CPU
		{9B0567C7-6549-4D46-BF0D-5DD5A7358D62}.Debug|Any CPU.Build.0 = Debug|Any CPU
		{9B0567C7-6549-4D46-BF0D-5DD5A7358D62}.Release|Any CPU.ActiveCfg = Release|Any CPU
		{9B0567C7-6549-4D46-BF0D-5DD5A7358D62}.Release|Any CPU.Build.0 = Release|Any CPU
		{3D15ECF0-A4D8-4470-81A2-A075EFABF374}.Debug|Any CPU.ActiveCfg = Debug|Any CPU
		{3D15ECF0-A4D8-4470-81A2-A075EFABF374}.Debug|Any CPU.Build.0 = Debug|Any CPU
		{3D15ECF0-A4D8-4470-81A2-A075EFABF374}.Release|Any CPU.ActiveCfg = Release|Any CPU
		{3D15ECF0-A4D8-4470-81A2-A075EFABF374}.Release|Any CPU.Build.0 = Release|Any CPU
		{5E4F2E39-BA06-4A22-96E7-9B9AABA86BBC}.Debug|Any CPU.ActiveCfg = Debug|Any CPU
		{5E4F2E39-BA06-4A22-96E7-9B9AABA86BBC}.Debug|Any CPU.Build.0 = Debug|Any CPU
		{5E4F2E39-BA06-4A22-96E7-9B9AABA86BBC}.Release|Any CPU.ActiveCfg = Release|Any CPU
		{5E4F2E39-BA06-4A22-96E7-9B9AABA86BBC}.Release|Any CPU.Build.0 = Release|Any CPU
		{27ACE044-A30D-41FC-8283-7FCAC38960B4}.Debug|Any CPU.ActiveCfg = Debug|Any CPU
		{27ACE044-A30D-41FC-8283-7FCAC38960B4}.Debug|Any CPU.Build.0 = Debug|Any CPU
		{27ACE044-A30D-41FC-8283-7FCAC38960B4}.Release|Any CPU.ActiveCfg = Release|Any CPU
		{27ACE044-A30D-41FC-8283-7FCAC38960B4}.Release|Any CPU.Build.0 = Release|Any CPU
		{9403EF40-B963-4E1E-A82A-9530CAEC5FF5}.Debug|Any CPU.ActiveCfg = Debug|Any CPU
		{9403EF40-B963-4E1E-A82A-9530CAEC5FF5}.Debug|Any CPU.Build.0 = Debug|Any CPU
		{9403EF40-B963-4E1E-A82A-9530CAEC5FF5}.Release|Any CPU.ActiveCfg = Release|Any CPU
		{9403EF40-B963-4E1E-A82A-9530CAEC5FF5}.Release|Any CPU.Build.0 = Release|Any CPU
		{268C1CDC-822F-4363-A88E-D378037FF0AF}.Debug|Any CPU.ActiveCfg = Debug|Any CPU
		{268C1CDC-822F-4363-A88E-D378037FF0AF}.Debug|Any CPU.Build.0 = Debug|Any CPU
		{268C1CDC-822F-4363-A88E-D378037FF0AF}.Release|Any CPU.ActiveCfg = Release|Any CPU
		{268C1CDC-822F-4363-A88E-D378037FF0AF}.Release|Any CPU.Build.0 = Release|Any CPU
		{57DFA748-6927-4BD4-ABE3-32CF39DD762C}.Debug|Any CPU.ActiveCfg = Debug|Any CPU
		{57DFA748-6927-4BD4-ABE3-32CF39DD762C}.Debug|Any CPU.Build.0 = Debug|Any CPU
		{57DFA748-6927-4BD4-ABE3-32CF39DD762C}.Release|Any CPU.ActiveCfg = Release|Any CPU
		{57DFA748-6927-4BD4-ABE3-32CF39DD762C}.Release|Any CPU.Build.0 = Release|Any CPU
		{B539137C-9F9D-4E54-9106-2D4D3644FB0A}.Debug|Any CPU.ActiveCfg = Debug|Any CPU
		{B539137C-9F9D-4E54-9106-2D4D3644FB0A}.Debug|Any CPU.Build.0 = Debug|Any CPU
		{B539137C-9F9D-4E54-9106-2D4D3644FB0A}.Release|Any CPU.ActiveCfg = Release|Any CPU
		{B539137C-9F9D-4E54-9106-2D4D3644FB0A}.Release|Any CPU.Build.0 = Release|Any CPU
		{30655709-2BA2-4B57-8F70-8425AF006463}.Debug|Any CPU.ActiveCfg = Debug|Any CPU
		{30655709-2BA2-4B57-8F70-8425AF006463}.Debug|Any CPU.Build.0 = Debug|Any CPU
		{30655709-2BA2-4B57-8F70-8425AF006463}.Release|Any CPU.ActiveCfg = Release|Any CPU
		{30655709-2BA2-4B57-8F70-8425AF006463}.Release|Any CPU.Build.0 = Release|Any CPU
		{AA0C1964-B71D-4985-A3B2-19E9849BD56E}.Debug|Any CPU.ActiveCfg = Debug|Any CPU
		{AA0C1964-B71D-4985-A3B2-19E9849BD56E}.Debug|Any CPU.Build.0 = Debug|Any CPU
		{AA0C1964-B71D-4985-A3B2-19E9849BD56E}.Release|Any CPU.ActiveCfg = Release|Any CPU
		{AA0C1964-B71D-4985-A3B2-19E9849BD56E}.Release|Any CPU.Build.0 = Release|Any CPU
	EndGlobalSection
	GlobalSection(SolutionProperties) = preSolution
		HideSolutionNode = FALSE
	EndGlobalSection
	GlobalSection(NestedProjects) = preSolution
		{9B0567C7-6549-4D46-BF0D-5DD5A7358D62} = {B3CDC855-DA25-4663-8B59-84CE6A904B5B}
		{3D15ECF0-A4D8-4470-81A2-A075EFABF374} = {FBFDB049-842F-48BB-8CC7-B2683FD7AB29}
		{5E4F2E39-BA06-4A22-96E7-9B9AABA86BBC} = {FBFDB049-842F-48BB-8CC7-B2683FD7AB29}
		{27ACE044-A30D-41FC-8283-7FCAC38960B4} = {FBFDB049-842F-48BB-8CC7-B2683FD7AB29}
		{9403EF40-B963-4E1E-A82A-9530CAEC5FF5} = {E96AE300-777C-498D-BF68-9E2DB8D33650}
		{268C1CDC-822F-4363-A88E-D378037FF0AF} = {E96AE300-777C-498D-BF68-9E2DB8D33650}
		{57DFA748-6927-4BD4-ABE3-32CF39DD762C} = {FBFDB049-842F-48BB-8CC7-B2683FD7AB29}
		{B539137C-9F9D-4E54-9106-2D4D3644FB0A} = {E96AE300-777C-498D-BF68-9E2DB8D33650}
		{30655709-2BA2-4B57-8F70-8425AF006463} = {E96AE300-777C-498D-BF68-9E2DB8D33650}
		{FBFDB049-842F-48BB-8CC7-B2683FD7AB29} = {B3CDC855-DA25-4663-8B59-84CE6A904B5B}
		{E96AE300-777C-498D-BF68-9E2DB8D33650} = {B3CDC855-DA25-4663-8B59-84CE6A904B5B}
	EndGlobalSection
EndGlobal
